
Microsoft Visual Studio Solution File, Format Version 9.00
# Visual Studio 2005
Project("{E24C65DC-7377-472B-9ABA-BC803B73C61A}") = "E:\...\kidproject\", ".", "{75D9B29B-4CD3-469A-8B99-65EEE08AA212}"
	ProjectSection(WebsiteProperties) = preProject
		Debug.AspNetCompiler.VirtualPath = "/kidproject"
		Debug.AspNetCompiler.PhysicalPath = "E:\Working\codeprojects\dotnet\web\kidproject\"
		Debug.AspNetCompiler.TargetPath = "PrecompiledWeb\kidproject\"
		Debug.AspNetCompiler.Updateable = "true"
		Debug.AspNetCompiler.ForceOverwrite = "true"
		Debug.AspNetCompiler.FixedNames = "false"
		Debug.AspNetCompiler.Debug = "True"
		Release.AspNetCompiler.VirtualPath = "/kidproject"
		Release.AspNetCompiler.PhysicalPath = "E:\Working\codeprojects\dotnet\web\kidproject\"
		Release.AspNetCompiler.TargetPath = "PrecompiledWeb\kidproject\"
		Release.AspNetCompiler.Updateable = "true"
		Release.AspNetCompiler.ForceOverwrite = "true"
		Release.AspNetCompiler.FixedNames = "false"
		Release.AspNetCompiler.Debug = "False"
		VWDPort = "3781"
	EndProjectSection
EndProject
Global
	GlobalSection(SolutionConfigurationPlatforms) = preSolution
		Debug|.NET = Debug|.NET
	EndGlobalSection
	GlobalSection(ProjectConfigurationPlatforms) = postSolution
		{75D9B29B-4CD3-469A-8B99-65EEE08AA212}.Debug|.NET.ActiveCfg = Debug|.NET
		{75D9B29B-4CD3-469A-8B99-65EEE08AA212}.Debug|.NET.Build.0 = Debug|.NET
	EndGlobalSection
	GlobalSection(SolutionProperties) = preSolution
		HideSolutionNode = FALSE
	EndGlobalSection
EndGlobal
